
Microsoft Visual Studio Solution File, Format Version 12.00
# Visual Studio Version 16
VisualStudioVersion = 16.0.28606.126
MinimumVisualStudioVersion = 10.0.40219.1
Project("{9A19103F-16F7-4668-BE54-9A1E7A4F7556}") = "WebApplication", "WebApplication\WebApplication.csproj", "{CF38A9DC-87E3-44D4-9E7B-2D8668340AFE}"
EndProject
Project("{E53339B2-1760-4266-BCC7-CA923CBCF16C}") = "docker-compose", "docker-compose.dcproj", "{6C969E11-1CC7-45DD-AA35-64C30BD36352}"
EndProject
Global
	GlobalSection(SolutionConfigurationPlatforms) = preSolution
		Debug|Any CPU = Debug|Any CPU
		Release|Any CPU = Release|Any CPU
	EndGlobalSection
	GlobalSection(ProjectConfigurationPlatforms) = postSolution
		{CF38A9DC-87E3-44D4-9E7B-2D8668340AFE}.Debug|Any CPU.ActiveCfg = Debug|Any CPU
		{CF38A9DC-87E3-44D4-9E7B-2D8668340AFE}.Debug|Any CPU.Build.0 = Debug|Any CPU
		{CF38A9DC-87E3-44D4-9E7B-2D8668340AFE}.Release|Any CPU.ActiveCfg = Release|Any CPU
		{CF38A9DC-87E3-44D4-9E7B-2D8668340AFE}.Release|Any CPU.Build.0 = Release|Any CPU
		{6C969E11-1CC7-45DD-AA35-64C30BD36352}.Debug|Any CPU.ActiveCfg = Debug|Any CPU
		{6C969E11-1CC7-45DD-AA35-64C30BD36352}.Debug|Any CPU.Build.0 = Debug|Any CPU
		{6C969E11-1CC7-45DD-AA35-64C30BD36352}.Release|Any CPU.ActiveCfg = Release|Any CPU
		{6C969E11-1CC7-45DD-AA35-64C30BD36352}.Release|Any CPU.Build.0 = Release|Any CPU
	EndGlobalSection
	GlobalSection(SolutionProperties) = preSolution
		HideSolutionNode = FALSE
	EndGlobalSection
	GlobalSection(ExtensibilityGlobals) = postSolution
		SolutionGuid = {4716D425-180B-4EEF-8017-32499F7C5B78}
	EndGlobalSection
EndGlobal
